// !$*UTF8*$!
{
	archiveVersion = 1;
	classes = {
	};
	objectVersion = 50;
	objects = {

/* Begin PBXBuildFile section */
		7B6FFB6A21425F8700032F4A /* ARAppDelegate.m in Sources */ = {isa = PBXBuildFile; fileRef = 7B6FFB6921425F8700032F4A /* ARAppDelegate.m */; };
		7B6FFB6C21425F8700032F4A /* art.scnassets in Resources */ = {isa = PBXBuildFile; fileRef = 7B6FFB6B21425F8700032F4A /* art.scnassets */; };
		7B6FFB6F21425F8700032F4A /* ARViewController.m in Sources */ = {isa = PBXBuildFile; fileRef = 7B6FFB6E21425F8700032F4A /* ARViewController.m */; };
		7B6FFB7221425F8700032F4A /* Main.storyboard in Resources */ = {isa = PBXBuildFile; fileRef = 7B6FFB7021425F8700032F4A /* Main.storyboard */; };
		7B6FFB7421425F8800032F4A /* Assets.xcassets in Resources */ = {isa = PBXBuildFile; fileRef = 7B6FFB7321425F8800032F4A /* Assets.xcassets */; };
		7B6FFB7721425F8800032F4A /* LaunchScreen.storyboard in Resources */ = {isa = PBXBuildFile; fileRef = 7B6FFB7521425F8800032F4A /* LaunchScreen.storyboard */; };
		7B6FFB7A21425F8900032F4A /* ARmain.m in Sources */ = {isa = PBXBuildFile; fileRef = 7B6FFB7921425F8900032F4A /* ARmain.m */; };
		7B6FFB8421425F8900032F4A /* ARTests.m in Sources */ = {isa = PBXBuildFile; fileRef = 7B6FFB8321425F8900032F4A /* ARTests.m */; };
		7B6FFB8F21425F8900032F4A /* ARUITests.m in Sources */ = {isa = PBXBuildFile; fileRef = 7B6FFB8E21425F8900032F4A /* ARUITests.m */; };
/* End PBXBuildFile section */

/* Begin PBXContainerItemProxy section */
		7B6FFB8021425F8900032F4A /* PBXContainerItemProxy */ = {
			isa = PBXContainerItemProxy;
			containerPortal = 7B6FFB5D21425F8600032F4A /* Project object */;
			proxyType = 1;
			remoteGlobalIDString = 7B6FFB6421425F8600032F4A;
			remoteInfo = AR;
		};
		7B6FFB8B21425F8900032F4A /* PBXContainerItemProxy */ = {
			isa = PBXContainerItemProxy;
			containerPortal = 7B6FFB5D21425F8600032F4A /* Project object */;
			proxyType = 1;
			remoteGlobalIDString = 7B6FFB6421425F8600032F4A;
			remoteInfo = AR;
		};
/* End PBXContainerItemProxy section */

/* Begin PBXFileReference section */
		7B6FFB6521425F8600032F4A /* AR.app */ = {isa = PBXFileReference; explicitFileType = wrapper.application; includeInIndex = 0; path = AR.app; sourceTree = BUILT_PRODUCTS_DIR; };
		7B6FFB6821425F8600032F4A /* ARAppDelegate.h */ = {isa = PBXFileReference; lastKnownFileType = sourcecode.c.h; path = ARAppDelegate.h; sourceTree = "<group>"; };
		7B6FFB6921425F8700032F4A /* ARAppDelegate.m */ = {isa = PBXFileReference; lastKnownFileType = sourcecode.c.objc; path = ARAppDelegate.m; sourceTree = "<group>"; };
		7B6FFB6B21425F8700032F4A /* art.scnassets */ = {isa = PBXFileReference; lastKnownFileType = wrapper.scnassets; name = art.scnassets; path = ../../KaCha/Share/art.scnassets; sourceTree = "<group>"; };
		7B6FFB6D21425F8700032F4A /* ARViewController.h */ = {isa = PBXFileReference; lastKnownFileType = sourcecode.c.h; path = ARViewController.h; sourceTree = "<group>"; };
		7B6FFB6E21425F8700032F4A /* ARViewController.m */ = {isa = PBXFileReference; lastKnownFileType = sourcecode.c.objc; path = ARViewController.m; sourceTree = "<group>"; };
		7B6FFB7121425F8700032F4A /* Base */ = {isa = PBXFileReference; lastKnownFileType = file.storyboard; name = Base; path = Base.lproj/Main.storyboard; sourceTree = "<group>"; };
		7B6FFB7321425F8800032F4A /* Assets.xcassets */ = {isa = PBXFileReference; lastKnownFileType = folder.assetcatalog; path = Assets.xcassets; sourceTree = "<group>"; };
		7B6FFB7621425F8800032F4A /* Base */ = {isa = PBXFileReference; lastKnownFileType = file.storyboard; name = Base; path = Base.lproj/LaunchScreen.storyboard; sourceTree = "<group>"; };
		7B6FFB7821425F8900032F4A /* Info.plist */ = {isa = PBXFileReference; lastKnownFileType = text.plist.xml; path = Info.plist; sourceTree = "<group>"; };
		7B6FFB7921425F8900032F4A /* ARmain.m */ = {isa = PBXFileReference; lastKnownFileType = sourcecode.c.objc; path = ARmain.m; sourceTree = "<group>"; };
		7B6FFB7F21425F8900032F4A /* ARTests.xctest */ = {isa = PBXFileReference; explicitFileType = wrapper.cfbundle; includeInIndex = 0; path = ARTests.xctest; sourceTree = BUILT_PRODUCTS_DIR; };
		7B6FFB8321425F8900032F4A /* ARTests.m */ = {isa = PBXFileReference; lastKnownFileType = sourcecode.c.objc; path = ARTests.m; sourceTree = "<group>"; };
		7B6FFB8521425F8900032F4A /* Info.plist */ = {isa = PBXFileReference; lastKnownFileType = text.plist.xml; path = Info.plist; sourceTree = "<group>"; };
		7B6FFB8A21425F8900032F4A /* ARUITests.xctest */ = {isa = PBXFileReference; explicitFileType = wrapper.cfbundle; includeInIndex = 0; path = ARUITests.xctest; sourceTree = BUILT_PRODUCTS_DIR; };
		7B6FFB8E21425F8900032F4A /* ARUITests.m */ = {isa = PBXFileReference; lastKnownFileType = sourcecode.c.objc; path = ARUITests.m; sourceTree = "<group>"; };
		7B6FFB9021425F8900032F4A /* Info.plist */ = {isa = PBXFileReference; lastKnownFileType = text.plist.xml; path = Info.plist; sourceTree = "<group>"; };
/* End PBXFileReference section */

/* Begin PBXFrameworksBuildPhase section */
		7B6FFB6221425F8600032F4A /* Frameworks */ = {
			isa = PBXFrameworksBuildPhase;
			buildActionMask = 2147483647;
			files = (
			);
			runOnlyForDeploymentPostprocessing = 0;
		};
		7B6FFB7C21425F8900032F4A /* Frameworks */ = {
			isa = PBXFrameworksBuildPhase;
			buildActionMask = 2147483647;
			files = (
			);
			runOnlyForDeploymentPostprocessing = 0;
		};
		7B6FFB8721425F8900032F4A /* Frameworks */ = {
			isa = PBXFrameworksBuildPhase;
			buildActionMask = 2147483647;
			files = (
			);
			runOnlyForDeploymentPostprocessing = 0;
		};
/* End PBXFrameworksBuildPhase section */

/* Begin PBXGroup section */
		7B278F442144C7A50006DB10 /* Frameworks */ = {
			isa = PBXGroup;
			children = (
			);
			name = Frameworks;
			sourceTree = "<group>";
		};
		7B6FFB5C21425F8600032F4A = {
			isa = PBXGroup;
			children = (
				7B6FFB6721425F8600032F4A /* AR */,
				7B6FFB8221425F8900032F4A /* ARTests */,
				7B6FFB8D21425F8900032F4A /* ARUITests */,
				7B6FFB6621425F8600032F4A /* Products */,
				7B278F442144C7A50006DB10 /* Frameworks */,
			);
			sourceTree = "<group>";
		};
		7B6FFB6621425F8600032F4A /* Products */ = {
			isa = PBXGroup;
			children = (
				7B6FFB6521425F8600032F4A /* AR.app */,
				7B6FFB7F21425F8900032F4A /* ARTests.xctest */,
				7B6FFB8A21425F8900032F4A /* ARUITests.xctest */,
			);
			name = Products;
			sourceTree = "<group>";
		};
		7B6FFB6721425F8600032F4A /* AR */ = {
			isa = PBXGroup;
			children = (
				7B6FFB6821425F8600032F4A /* ARAppDelegate.h */,
				7B6FFB6921425F8700032F4A /* ARAppDelegate.m */,
				7B6FFB6B21425F8700032F4A /* art.scnassets */,
				7B6FFB6D21425F8700032F4A /* ARViewController.h */,
				7B6FFB6E21425F8700032F4A /* ARViewController.m */,
				7B6FFB7021425F8700032F4A /* Main.storyboard */,
				7B6FFB7321425F8800032F4A /* Assets.xcassets */,
				7B6FFB7521425F8800032F4A /* LaunchScreen.storyboard */,
				7B6FFB7821425F8900032F4A /* Info.plist */,
				7B6FFB7921425F8900032F4A /* ARmain.m */,
			);
			path = AR;
			sourceTree = "<group>";
		};
		7B6FFB8221425F8900032F4A /* ARTests */ = {
			isa = PBXGroup;
			children = (
				7B6FFB8321425F8900032F4A /* ARTests.m */,
				7B6FFB8521425F8900032F4A /* Info.plist */,
			);
			path = ARTests;
			sourceTree = "<group>";
		};
		7B6FFB8D21425F8900032F4A /* ARUITests */ = {
			isa = PBXGroup;
			children = (
				7B6FFB8E21425F8900032F4A /* ARUITests.m */,
				7B6FFB9021425F8900032F4A /* Info.plist */,
			);
			path = ARUITests;
			sourceTree = "<group>";
		};
/* End PBXGroup section */

/* Begin PBXNativeTarget section */
		7B6FFB6421425F8600032F4A /* AR */ = {
			isa = PBXNativeTarget;
			buildConfigurationList = 7B6FFB9321425F8900032F4A /* Build configuration list for PBXNativeTarget "AR" */;
			buildPhases = (
				7B6FFB6121425F8600032F4A /* Sources */,
				7B6FFB6221425F8600032F4A /* Frameworks */,
				7B6FFB6321425F8600032F4A /* Resources */,
			);
			buildRules = (
			);
			dependencies = (
			);
			name = AR;
			productName = AR;
			productReference = 7B6FFB6521425F8600032F4A /* AR.app */;
			productType = "com.apple.product-type.application";
		};
		7B6FFB7E21425F8900032F4A /* ARTests */ = {
			isa = PBXNativeTarget;
			buildConfigurationList = 7B6FFB9621425F8900032F4A /* Build configuration list for PBXNativeTarget "ARTests" */;
			buildPhases = (
				7B6FFB7B21425F8900032F4A /* Sources */,
				7B6FFB7C21425F8900032F4A /* Frameworks */,
				7B6FFB7D21425F8900032F4A /* Resources */,
			);
			buildRules = (
			);
			dependencies = (
				7B6FFB8121425F8900032F4A /* PBXTargetDependency */,
			);
			name = ARTests;
			productName = ARTests;
			productReference = 7B6FFB7F21425F8900032F4A /* ARTests.xctest */;
			productType = "com.apple.product-type.bundle.unit-test";
		};
		7B6FFB8921425F8900032F4A /* ARUITests */ = {
			isa = PBXNativeTarget;
			buildConfigurationList = 7B6FFB9921425F8900032F4A /* Build configuration list for PBXNativeTarget "ARUITests" */;
			buildPhases = (
				7B6FFB8621425F8900032F4A /* Sources */,
				7B6FFB8721425F8900032F4A /* Frameworks */,
				7B6FFB8821425F8900032F4A /* Resources */,
			);
			buildRules = (
			);
			dependencies = (
				7B6FFB8C21425F8900032F4A /* PBXTargetDependency */,
			);
			name = ARUITests;
			productName = ARUITests;
			productReference = 7B6FFB8A21425F8900032F4A /* ARUITests.xctest */;
			productType = "com.apple.product-type.bundle.ui-testing";
		};
/* End PBXNativeTarget section */

/* Begin PBXProject section */
		7B6FFB5D21425F8600032F4A /* Project object */ = {
			isa = PBXProject;
			attributes = {
				LastUpgradeCheck = 1000;
				ORGANIZATIONNAME = "苗乔伟";
				TargetAttributes = {
					7B6FFB6421425F8600032F4A = {
						CreatedOnToolsVersion = 10.0;
					};
					7B6FFB7E21425F8900032F4A = {
						CreatedOnToolsVersion = 10.0;
						TestTargetID = 7B6FFB6421425F8600032F4A;
					};
					7B6FFB8921425F8900032F4A = {
						CreatedOnToolsVersion = 10.0;
						TestTargetID = 7B6FFB6421425F8600032F4A;
					};
				};
			};
			buildConfigurationList = 7B6FFB6021425F8600032F4A /* Build configuration list for PBXProject "AR" */;
			compatibilityVersion = "Xcode 9.3";
			developmentRegion = en;
			hasScannedForEncodings = 0;
			knownRegions = (
				en,
				Base,
			);
			mainGroup = 7B6FFB5C21425F8600032F4A;
			productRefGroup = 7B6FFB6621425F8600032F4A /* Products */;
			projectDirPath = "";
			projectRoot = "";
			targets = (
				7B6FFB6421425F8600032F4A /* AR */,
				7B6FFB7E21425F8900032F4A /* ARTests */,
				7B6FFB8921425F8900032F4A /* ARUITests */,
			);
		};
/* End PBXProject section */

/* Begin PBXResourcesBuildPhase section */
		7B6FFB6321425F8600032F4A /* Resources */ = {
			isa = PBXResourcesBuildPhase;
			buildActionMask = 2147483647;
			files = (
				7B6FFB6C21425F8700032F4A /* art.scnassets in Resources */,
				7B6FFB7721425F8800032F4A /* LaunchScreen.storyboard in Resources */,
				7B6FFB7421425F8800032F4A /* Assets.xcassets in Resources */,
				7B6FFB7221425F8700032F4A /* Main.storyboard in Resources */,
			);
			runOnlyForDeploymentPostprocessing = 0;
		};
		7B6FFB7D21425F8900032F4A /* Resources */ = {
			isa = PBXResourcesBuildPhase;
			buildActionMask = 2147483647;
			files = (
			);
			runOnlyForDeploymentPostprocessing = 0;
		};
		7B6FFB8821425F8900032F4A /* Resources */ = {
			isa = PBXResourcesBuildPhase;
			buildActionMask = 2147483647;
			files = (
			);
			runOnlyForDeploymentPostprocessing = 0;
		};
/* End PBXResourcesBuildPhase section */

/* Begin PBXSourcesBuildPhase section */
		7B6FFB6121425F8600032F4A /* Sources */ = {
			isa = PBXSourcesBuildPhase;
			buildActionMask = 2147483647;
			files = (
				7B6FFB6F21425F8700032F4A /* ARViewController.m in Sources */,
				7B6FFB7A21425F8900032F4A /* ARmain.m in Sources */,
				7B6FFB6A21425F8700032F4A /* ARAppDelegate.m in Sources */,
			);
			runOnlyForDeploymentPostprocessing = 0;
		};
		7B6FFB7B21425F8900032F4A /* Sources */ = {
			isa = PBXSourcesBuildPhase;
			buildActionMask = 2147483647;
			files = (
				7B6FFB8421425F8900032F4A /* ARTests.m in Sources */,
			);
			runOnlyForDeploymentPostprocessing = 0;
		};
		7B6FFB8621425F8900032F4A /* Sources */ = {
			isa = PBXSourcesBuildPhase;
			buildActionMask = 2147483647;
			files = (
				7B6FFB8F21425F8900032F4A /* ARUITests.m in Sources */,
			);
			runOnlyForDeploymentPostprocessing = 0;
		};
/* End PBXSourcesBuildPhase section */

/* Begin PBXTargetDependency section */
		7B6FFB8121425F8900032F4A /* PBXTargetDependency */ = {
			isa = PBXTargetDependency;
			target = 7B6FFB6421425F8600032F4A /* AR */;
			targetProxy = 7B6FFB8021425F8900032F4A /* PBXContainerItemProxy */;
		};
		7B6FFB8C21425F8900032F4A /* PBXTargetDependency */ = {
			isa = PBXTargetDependency;
			target = 7B6FFB6421425F8600032F4A /* AR */;
			targetProxy = 7B6FFB8B21425F8900032F4A /* PBXContainerItemProxy */;
		};
/* End PBXTargetDependency section */

/* Begin PBXVariantGroup section */
		7B6FFB7021425F8700032F4A /* Main.storyboard */ = {
			isa = PBXVariantGroup;
			children = (
				7B6FFB7121425F8700032F4A /* Base */,
			);
			name = Main.storyboard;
			sourceTree = "<group>";
		};
		7B6FFB7521425F8800032F4A /* LaunchScreen.storyboard */ = {
			isa = PBXVariantGroup;
			children = (
				7B6FFB7621425F8800032F4A /* Base */,
			);
			name = LaunchScreen.storyboard;
			sourceTree = "<group>";
		};
/* End PBXVariantGroup section */

/* Begin XCBuildConfiguration section */
		7B6FFB9121425F8900032F4A /* Debug */ = {
			isa = XCBuildConfiguration;
			buildSettings = {
				ALWAYS_SEARCH_USER_PATHS = NO;
				CLANG_ANALYZER_NONNULL = YES;
				CLANG_ANALYZER_NUMBER_OBJECT_CONVERSION = YES_AGGRESSIVE;
				CLANG_CXX_LANGUAGE_STANDARD = "gnu++14";
				CLANG_CXX_LIBRARY = "libc++";
				CLANG_ENABLE_MODULES = YES;
				CLANG_ENABLE_OBJC_ARC = YES;
				CLANG_ENABLE_OBJC_WEAK = YES;
				CLANG_WARN_BLOCK_CAPTURE_AUTORELEASING = YES;
				CLANG_WARN_BOOL_CONVERSION = YES;
				CLANG_WARN_COMMA = YES;
				CLANG_WARN_CONSTANT_CONVERSION = YES;
				CLANG_WARN_DEPRECATED_OBJC_IMPLEMENTATIONS = YES;
				CLANG_WARN_DIRECT_OBJC_ISA_USAGE = YES_ERROR;
				CLANG_WARN_DOCUMENTATION_COMMENTS = YES;
				CLANG_WARN_EMPTY_BODY = YES;
				CLANG_WARN_ENUM_CONVERSION = YES;
				CLANG_WARN_INFINITE_RECURSION = YES;
				CLANG_WARN_INT_CONVERSION = YES;
				CLANG_WARN_NON_LITERAL_NULL_CONVERSION = YES;
				CLANG_WARN_OBJC_IMPLICIT_RETAIN_SELF = YES;
				CLANG_WARN_OBJC_LITERAL_CONVERSION = YES;
				CLANG_WARN_OBJC_ROOT_CLASS = YES_ERROR;
				CLANG_WARN_RANGE_LOOP_ANALYSIS = YES;
				CLANG_WARN_STRICT_PROTOTYPES = YES;
				CLANG_WARN_SUSPICIOUS_MOVE = YES;
				CLANG_WARN_UNGUARDED_AVAILABILITY = YES_AGGRESSIVE;
				CLANG_WARN_UNREACHABLE_CODE = YES;
				CLANG_WARN__DUPLICATE_METHOD_MATCH = YES;
				CODE_SIGN_IDENTITY = "iPhone Developer";
				COPY_PHASE_STRIP = NO;
				DEBUG_INFORMATION_FORMAT = dwarf;
				ENABLE_STRICT_OBJC_MSGSEND = YES;
				ENABLE_TESTABILITY = YES;
				GCC_C_LANGUAGE_STANDARD = gnu11;
				GCC_DYNAMIC_NO_PIC = NO;
				GCC_NO_COMMON_BLOCKS = YES;
				GCC_OPTIMIZATION_LEVEL = 0;
				GCC_PREPROCESSOR_DEFINITIONS = (
					"DEBUG=1",
					"$(inherited)",
				);
				GCC_WARN_64_TO_32_BIT_CONVERSION = YES;
				GCC_WARN_ABOUT_RETURN_TYPE = YES_ERROR;
				GCC_WARN_UNDECLARED_SELECTOR = YES;
				GCC_WARN_UNINITIALIZED_AUTOS = YES_AGGRESSIVE;
				GCC_WARN_UNUSED_FUNCTION = YES;
				GCC_WARN_UNUSED_VARIABLE = YES;
				IPHONEOS_DEPLOYMENT_TARGET = 12.0;
				MTL_ENABLE_DEBUG_INFO = INCLUDE_SOURCE;
				ONLY_ACTIVE_ARCH = YES;
				SDKROOT = iphoneos;
			};
			name = Debug;
		};
		7B6FFB9221425F8900032F4A /* Release */ = {
			isa = XCBuildConfiguration;
			buildSettings = {
				ALWAYS_SEARCH_USER_PATHS = NO;
				CLANG_ANALYZER_NONNULL = YES;
				CLANG_ANALYZER_NUMBER_OBJECT_CONVERSION = YES_AGGRESSIVE;
				CLANG_CXX_LANGUAGE_STANDARD = "gnu++14";
				CLANG_CXX_LIBRARY = "libc++";
				CLANG_ENABLE_MODULES = YES;
				CLANG_ENABLE_OBJC_ARC = YES;
				CLANG_ENABLE_OBJC_WEAK = YES;
				CLANG_WARN_BLOCK_CAPTURE_AUTORELEASING = YES;
				CLANG_WARN_BOOL_CONVERSION = YES;
				CLANG_WARN_COMMA = YES;
				CLANG_WARN_CONSTANT_CONVERSION = YES;
				CLANG_WARN_DEPRECATED_OBJC_IMPLEMENTATIONS = YES;
				CLANG_WARN_DIRECT_OBJC_ISA_USAGE = YES_ERROR;
				CLANG_WARN_DOCUMENTATION_COMMENTS = YES;
				CLANG_WARN_EMPTY_BODY = YES;
				CLANG_WARN_ENUM_CONVERSION = YES;
				CLANG_WARN_INFINITE_RECURSION = YES;
				CLANG_WARN_INT_CONVERSION = YES;
				CLANG_WARN_NON_LITERAL_NULL_CONVERSION = YES;
				CLANG_WARN_OBJC_IMPLICIT_RETAIN_SELF = YES;
				CLANG_WARN_OBJC_LITERAL_CONVERSION = YES;
				CLANG_WARN_OBJC_ROOT_CLASS = YES_ERROR;
				CLANG_WARN_RANGE_LOOP_ANALYSIS = YES;
				CLANG_WARN_STRICT_PROTOTYPES = YES;
				CLANG_WARN_SUSPICIOUS_MOVE = YES;
				CLANG_WARN_UNGUARDED_AVAILABILITY = YES_AGGRESSIVE;
				CLANG_WARN_UNREACHABLE_CODE = YES;
				CLANG_WARN__DUPLICATE_METHOD_MATCH = YES;
				CODE_SIGN_IDENTITY = "iPhone Developer";
				COPY_PHASE_STRIP = NO;
				DEBUG_INFORMATION_FORMAT = "dwarf-with-dsym";
				ENABLE_NS_ASSERTIONS = NO;
				ENABLE_STRICT_OBJC_MSGSEND = YES;
				GCC_C_LANGUAGE_STANDARD = gnu11;
				GCC_NO_COMMON_BLOCKS = YES;
				GCC_WARN_64_TO_32_BIT_CONVERSION = YES;
				GCC_WARN_ABOUT_RETURN_TYPE = YES_ERROR;
				GCC_WARN_UNDECLARED_SELECTOR = YES;
				GCC_WARN_UNINITIALIZED_AUTOS = YES_AGGRESSIVE;
				GCC_WARN_UNUSED_FUNCTION = YES;
				GCC_WARN_UNUSED_VARIABLE = YES;
				IPHONEOS_DEPLOYMENT_TARGET = 12.0;
				MTL_ENABLE_DEBUG_INFO = NO;
				SDKROOT = iphoneos;
				VALIDATE_PRODUCT = YES;
			};
			name = Release;
		};
		7B6FFB9421425F8900032F4A /* Debug */ = {
			isa = XCBuildConfiguration;
			buildSettings = {
				ASSETCATALOG_COMPILER_APPICON_NAME = AppIcon;
				CODE_SIGN_STYLE = Automatic;
				DEVELOPMENT_TEAM = L2NF7AHRW5;
				INFOPLIST_FILE = AR/Info.plist;
				IPHONEOS_DEPLOYMENT_TARGET = 11.3;
				LD_RUNPATH_SEARCH_PATHS = (
					"$(inherited)",
					"@executable_path/Frameworks",
				);
				PRODUCT_BUNDLE_IDENTIFIER = mqw;
				PRODUCT_NAME = "$(TARGET_NAME)";
				TARGETED_DEVICE_FAMILY = "1,2";
			};
			name = Debug;
		};
		7B6FFB9521425F8900032F4A /* Release */ = {
			isa = XCBuildConfiguration;
			buildSettings = {
				ASSETCATALOG_COMPILER_APPICON_NAME = AppIcon;
				CODE_SIGN_STYLE = Automatic;
				DEVELOPMENT_TEAM = L2NF7AHRW5;
				INFOPLIST_FILE = AR/Info.plist;
				IPHONEOS_DEPLOYMENT_TARGET = 11.3;
				LD_RUNPATH_SEARCH_PATHS = (
					"$(inherited)",
					"@executable_path/Frameworks",
				);
				PRODUCT_BUNDLE_IDENTIFIER = mqw;
				PRODUCT_NAME = "$(TARGET_NAME)";
				TARGETED_DEVICE_FAMILY = "1,2";
			};
			name = Release;
		};
		7B6FFB9721425F8900032F4A /* Debug */ = {
			isa = XCBuildConfiguration;
			buildSettings = {
				BUNDLE_LOADER = "$(TEST_HOST)";
				CODE_SIGN_STYLE = Automatic;
				DEVELOPMENT_TEAM = L2NF7AHRW5;
				INFOPLIST_FILE = ARTests/Info.plist;
				LD_RUNPATH_SEARCH_PATHS = (
					"$(inherited)",
					"@executable_path/Frameworks",
					"@loader_path/Frameworks",
				);
				PRODUCT_BUNDLE_IDENTIFIER = mqw.ARTests;
				PRODUCT_NAME = "$(TARGET_NAME)";
				TARGETED_DEVICE_FAMILY = "1,2";
				TEST_HOST = "$(BUILT_PRODUCTS_DIR)/AR.app/AR";
			};
			name = Debug;
		};
		7B6FFB9821425F8900032F4A /* Release */ = {
			isa = XCBuildConfiguration;
			buildSettings = {
				BUNDLE_LOADER = "$(TEST_HOST)";
				CODE_SIGN_STYLE = Automatic;
				DEVELOPMENT_TEAM = L2NF7AHRW5;
				INFOPLIST_FILE = ARTests/Info.plist;
				LD_RUNPATH_SEARCH_PATHS = (
					"$(inherited)",
					"@executable_path/Frameworks",
					"@loader_path/Frameworks",
				);
				PRODUCT_BUNDLE_IDENTIFIER = mqw.ARTests;
				PRODUCT_NAME = "$(TARGET_NAME)";
				TARGETED_DEVICE_FAMILY = "1,2";
				TEST_HOST = "$(BUILT_PRODUCTS_DIR)/AR.app/AR";
			};
			name = Release;
		};
		7B6FFB9A21425F8900032F4A /* Debug */ = {
			isa = XCBuildConfiguration;
			buildSettings = {
				CODE_SIGN_STYLE = Automatic;
				DEVELOPMENT_TEAM = L2NF7AHRW5;
				INFOPLIST_FILE = ARUITests/Info.plist;
				LD_RUNPATH_SEARCH_PATHS = (
					"$(inherited)",
					"@executable_path/Frameworks",
					"@loader_path/Frameworks",
				);
				PRODUCT_BUNDLE_IDENTIFIER = mqw.ARUITests;
				PRODUCT_NAME = "$(TARGET_NAME)";
				TARGETED_DEVICE_FAMILY = "1,2";
				TEST_TARGET_NAME = AR;
			};
			name = Debug;
		};
		7B6FFB9B21425F8900032F4A /* Release */ = {
			isa = XCBuildConfiguration;
			buildSettings = {
				CODE_SIGN_STYLE = Automatic;
				DEVELOPMENT_TEAM = L2NF7AHRW5;
				INFOPLIST_FILE = ARUITests/Info.plist;
				LD_RUNPATH_SEARCH_PATHS = (
					"$(inherited)",
					"@executable_path/Frameworks",
					"@loader_path/Frameworks",
				);
				PRODUCT_BUNDLE_IDENTIFIER = mqw.ARUITests;
				PRODUCT_NAME = "$(TARGET_NAME)";
				TARGETED_DEVICE_FAMILY = "1,2";
				TEST_TARGET_NAME = AR;
			};
			name = Release;
		};
/* End XCBuildConfiguration section */

/* Begin XCConfigurationList section */
		7B6FFB6021425F8600032F4A /* Build configuration list for PBXProject "AR" */ = {
			isa = XCConfigurationList;
			buildConfigurations = (
				7B6FFB9121425F8900032F4A /* Debug */,
				7B6FFB9221425F8900032F4A /* Release */,
			);
			defaultConfigurationIsVisible = 0;
			defaultConfigurationName = Release;
		};
		7B6FFB9321425F8900032F4A /* Build configuration list for PBXNativeTarget "AR" */ = {
			isa = XCConfigurationList;
			buildConfigurations = (
				7B6FFB9421425F8900032F4A /* Debug */,
				7B6FFB9521425F8900032F4A /* Release */,
			);
			defaultConfigurationIsVisible = 0;
			defaultConfigurationName = Release;
		};
		7B6FFB9621425F8900032F4A /* Build configuration list for PBXNativeTarget "ARTests" */ = {
			isa = XCConfigurationList;
			buildConfigurations = (
				7B6FFB9721425F8900032F4A /* Debug */,
				7B6FFB9821425F8900032F4A /* Release */,
			);
			defaultConfigurationIsVisible = 0;
			defaultConfigurationName = Release;
		};
		7B6FFB9921425F8900032F4A /* Build configuration list for PBXNativeTarget "ARUITests" */ = {
			isa = XCConfigurationList;
			buildConfigurations = (
				7B6FFB9A21425F8900032F4A /* Debug */,
				7B6FFB9B21425F8900032F4A /* Release */,
			);
			defaultConfigurationIsVisible = 0;
			defaultConfigurationName = Release;
		};
/* End XCConfigurationList section */
	};
	rootObject = 7B6FFB5D21425F8600032F4A /* Project object */;
}
